github.com/gethugothemes/hugo-modules/accordion v0.0.0-20231001043352-2e720c5b7e8b h1:teSxKYyj6U4zE5xZJvi5HaykNJ28lSpZ5mkNZXA0Jas=
github.com/gethugothemes/hugo-modules/accordion v0.0.0-20231001043352-2e720c5b7e8b/go.mod h1:D4DpauKPDcUHI9CVKYmJeO6bkSJIhUN864TyXZ2o0VI=
github.com/gethugothemes/hugo-modules/adsense v0.0.0-20231001043352-2e720c5b7e8b h1:ucRXsvuRPDK2HWtTd/ipqC/jjybhnS8zuTfY0Al0MTc=
github.com/gethugothemes/hugo-modules/adsense v0.0.0-20231001043352-2e720c5b7e8b/go.mod h1:8p/gG/cyyu20z4q5cFN/JGE5TOFA55Xsp+aIP9KCsqo=
github.com/gethugothemes/hugo-modules/components/cookie-consent v0.0.0-20231001043352-2e720c5b7e8b h1:GGmLjATWtcbK/EOVQ8ZOduq4o05JkkqRuNUqn8LfSMs=
github.com/gethugothemes/hugo-modules/components/cookie-consent v0.0.0-20231001043352-2e720c5b7e8b/go.mod h1:511ERLpGe3ZTfV2z/NAtUSR5NqKF26h9z5lU/zYV4YQ=
github.com/gethugothemes/hugo-modules/components/custom-script v0.0.0-20231001043352-2e720c5b7e8b h1:GOST1+gpm2DVLYRIFnsrY+kwA6Zxky732GbqLGHOD+c=
github.com/gethugothemes/hugo-modules/components/custom-script v0.0.0-20231001043352-2e720c5b7e8b/go.mod h1:RuDHq4WnK8sNEzAIJr4BZQ7oXhzcct/EKaAxc2Xvi9E=
github.com/gethugothemes/hugo-modules/components/preloader v0.0.0-20231001043352-2e720c5b7e8b h1:hDTv0ga7WDs9r2rdQ7aFrUZbF3kf0P7vtT6TdQP2bS8=
github.com/gethugothemes/hugo-modules/components/preloader v0.0.0-20231001043352-2e720c5b7e8b/go.mod h1:FP0iQ3tMOesuWFZhLst2KEvUEYPb5Jk1GW+QBP9lrwg=
github.com/gethugothemes/hugo-modules/components/render-link v0.0.0-20231001043352-2e720c5b7e8b h1:sEDheMn8opEh2PjKfM+GNDZOZREdh+k5Dbc6WZCls5s=
github.com/gethugothemes/hugo-modules/components/render-link v0.0.0-20231001043352-2e720c5b7e8b/go.mod h1:z3YcIeEBUonAoRDY1/Jv1ojNVkZ5ud35a0Nn8L4Inx0=
github.com/gethugothemes/hugo-modules/components/social-share v0.0.0-20231001043352-2e720c5b7e8b h1:hMtgv3qeQxXGeL5DKuyVYxBKVhLU2fKe591DdAgEOCg=
github.com/gethugothemes/hugo-modules/components/social-share v0.0.0-20231001043352-2e720c5b7e8b/go.mod h1:Gcj4RM/EBECsJMZnPeWjfy/1roRYGqzV9GYNmeHkvFA=
github.com/gethugothemes/hugo-modules/gallery-slider v0.0.0-20231001043352-2e720c5b7e8b h1:nExfVWSHEzHXYKnMqt/35mFn3jD3ku9UMPPLloWW7JE=
github.com/gethugothemes/hugo-modules/gallery-slider v0.0.0-20231001043352-2e720c5b7e8b/go.mod h1:MvQ2js/ofZ22CTX5wuvE+dC0rMe6C5HAWL2fEOu/yzE=
github.com/gethugothemes/hugo-modules/gzip-caching v0.0.0-20231001043352-2e720c5b7e8b h1:7qUbKx10xJHs+9O+luFfvvjh+vrLH1nGS6TCXDDiXwc=
github.com/gethugothemes/hugo-modules/gzip-caching v0.0.0-20231001043352-2e720c5b7e8b/go.mod h1:0ZMjTZVG4XLZU2/icc8Saqo4mmgMpfRTrUZU2Aa2Pwg=
github.com/gethugothemes/hugo-modules/icons/font-awesome v0.0.0-20231001043352-2e720c5b7e8b h1:vT8SnDfyjY936GOaigk6au8r7NmiPtTuVQq1X1XGMWE=
github.com/gethugothemes/hugo-modules/icons/font-awesome v0.0.0-20231001043352-2e720c5b7e8b/go.mod h1:d3gy1vQyfasPmGpau7HpQLrXbOv23PfXclSnjyOBxeU=
github.com/gethugothemes/hugo-modules/images v0.0.0-20231001043352-2e720c5b7e8b h1:u+rdudOPO3lQ39hOzw+w+p+xnEInJ1ZLFVS8huomsmc=
github.com/gethugothemes/hugo-modules/images v0.0.0-20231001043352-2e720c5b7e8b/go.mod h1:FKliP3qOW9diIcQeLtyZ0Hdhg3PL8bdAkC/6O+XtU90=
github.com/gethugothemes/hugo-modules/modal v0.0.0-20231001043352-2e720c5b7e8b h1:3hatYMBZGzkMzM1yNUef7wCidun/TypMX1UUCo+KlSc=
github.com/gethugothemes/hugo-modules/modal v0.0.0-20231001043352-2e720c5b7e8b/go.mod h1:Eb9v7oV6biymfvjcBhQdvgn0gUGYhUtfCMeOBLFpFsk=
github.com/gethugothemes/hugo-modules/pwa v0.0.0-20231001043352-2e720c5b7e8b h1:rvNgsuUh8LW57ky/QwpXJ66tCZSh5VPKFZOa05XI0Qw=
github.com/gethugothemes/hugo-modules/pwa v0.0.0-20231001043352-2e720c5b7e8b/go.mod h1:TRv7iszdfo37O1PbBEE+S8X/enAdpRIxK5DGrp13Qbo=
github.com/gethugothemes/hugo-modules/search v0.0.0-20231001043352-2e720c5b7e8b h1:4iW70iOqddnNXwynYhGpXANEyN4mcalU5qxXJWx+kVA=
github.com/gethugothemes/hugo-modules/search v0.0.0-20231001043352-2e720c5b7e8b/go.mod h1:tmDvLaZCM+QDvS/WLZXNjY1QTdWh7/68D2wIToECbyA=
github.com/gethugothemes/hugo-modules/seo-tools/basic-seo v0.0.0-20231001043352-2e720c5b7e8b h1:7mJtJR4i2gMR8AKVXxXCej8ZaKkRABI3RlhtGzA93tk=
github.com/gethugothemes/hugo-modules/seo-tools/basic-seo v0.0.0-20231001043352-2e720c5b7e8b/go.mod h1:Q8dPgjamV7pxwKSQyWV21Xwh5CGi23/k+M8HPTphYbs=
github.com/gethugothemes/hugo-modules/seo-tools/google-tag-manager v0.0.0-20231001043352-2e720c5b7e8b h1:PNoc0HxfsTFsmnMLD0CxLdY3SeQE7UEev5U74ln54DI=
github.com/gethugothemes/hugo-modules/seo-tools/google-tag-manager v0.0.0-20231001043352-2e720c5b7e8b/go.mod h1:cCq50yd55eFTrpqOfeyOK5X0hU5E7qxsqOD7IzTsgLA=
github.com/gethugothemes/hugo-modules/seo-tools/site-verifications v0.0.0-20231001043352-2e720c5b7e8b h1:iIFEQ7TAlh8mpVzX8TajlpspqD8Zu3chPZ7JMo1T27I=
github.com/gethugothemes/hugo-modules/seo-tools/site-verifications v0.0.0-20231001043352-2e720c5b7e8b/go.mod h1:iXielaya126qJscz7Bc2G2WB91moloQOoWru6UoBUyE=
github.com/gethugothemes/hugo-modules/shortcodes/button v0.0.0-20231001043352-2e720c5b7e8b h1:13FqhayXHoXMEVLdYRCYRg0vQL3jbGemVK11C2PdRBU=
github.com/gethugothemes/hugo-modules/shortcodes/button v0.0.0-20231001043352-2e720c5b7e8b/go.mod h1:MSvxGvjvcGUKTs6YMATU/9kYFrzW+VSVdy4CCOQLdsY=
github.com/gethugothemes/hugo-modules/shortcodes/notice v0.0.0-20231001043352-2e720c5b7e8b h1:sfEWuWAE+mnarzdWhkRq5KmTsv/HogRlsgbCIQUwJko=
github.com/gethugothemes/hugo-modules/shortcodes/notice v0.0.0-20231001043352-2e720c5b7e8b/go.mod h1:ljWyMJx82WA+6SlKjbGFhEdxcriyvUTCjXkJHDa4lho=
github.com/gethugothemes/hugo-modules/tab v0.0.0-20231001043352-2e720c5b7e8b h1:nz0GtNIlERbz+B75bJzdzmdgvTdZ2oLt+KH30NC7BFo=
github.com/gethugothemes/hugo-modules/tab v0.0.0-20231001043352-2e720c5b7e8b/go.mod h1:h3UxlxrFoU19JldxWLPBKaTZFe3AJtABrqo1wfxr+Ng=
github.com/gethugothemes/hugo-modules/table-of-contents v0.0.0-20231001043352-2e720c5b7e8b h1:K8JG/RiB/jSaYBNfJz0b8KXYLw+AXXYNESQE+8H4/B8=
github.com/gethugothemes/hugo-modules/table-of-contents v0.0.0-20231001043352-2e720c5b7e8b/go.mod h1:bEDw4veccQQQYEdVrfu13ATRUWfW8ptDIjJZuhYh4Tw=
github.com/gethugothemes/hugo-modules/videos v0.0.0-20231001043352-2e720c5b7e8b h1:u32s8dzsBBwtXPa3pJpfX7KFkyFGpaoCT3TzmIiHghg=
github.com/gethugothemes/hugo-modules/videos v0.0.0-20231001043352-2e720c5b7e8b/go.mod h1:P722lLWdnNhdZVq6gvMrOLqECUwrAYQWaOWlChta5H0=
